
Microsoft Visual Studio Solution File, Format Version 12.00
# Visual Studio Version 17
VisualStudioVersion = 17.14.36429.23
MinimumVisualStudioVersion = 10.0.40219.1
Project("{2150E333-8FDC-42A3-9474-1A3956D46DE8}") = "Task0", "Task0", "{02EA681E-C7D8-13C7-8484-4AC65E1B71E8}"
EndProject
Project("{2150E333-8FDC-42A3-9474-1A3956D46DE8}") = "Task1", "Task1", "{66F4A4AE-CAFA-4A3C-93A0-ACAFAFA93132}"
EndProject
Project("{2150E333-8FDC-42A3-9474-1A3956D46DE8}") = "Task2", "Task2", "{89AE166B-CA93-4DD0-8656-81329021DE1D}"
EndProject
Project("{2150E333-8FDC-42A3-9474-1A3956D46DE8}") = "Task3", "Task3", "{2FC027B7-564B-4FD2-A0AA-C643C21C2AD3}"
EndProject
Project("{2150E333-8FDC-42A3-9474-1A3956D46DE8}") = "Task4", "Task4", "{0BCFFEDB-5DA3-4040-9F08-F5D4BB6CC3E5}"
EndProject
Project("{2150E333-8FDC-42A3-9474-1A3956D46DE8}") = "Task5", "Task5", "{C8D19914-E5BD-4CDA-85CB-788E62460471}"
EndProject
Project("{2150E333-8FDC-42A3-9474-1A3956D46DE8}") = "Task6", "Task6", "{AB4092E3-9A3A-4115-82F7-ECA73AC80035}"
EndProject
Project("{2150E333-8FDC-42A3-9474-1A3956D46DE8}") = "Task7", "Task7", "{A983546B-D7AC-46B1-B4A4-54E9BEDA0172}"
EndProject
Project("{FAE04EC0-301F-11D3-BF4B-00C04F79EFBC}") = "Tyuiu.MuliavinIM.Sprint3.Task0.V26", "Tyuiu.MuliavinIM.Sprint3.Task0.V26\Tyuiu.MuliavinIM.Sprint3.Task0.V26.csproj", "{517D55D0-8665-4899-9138-738502E0C39F}"
EndProject
Project("{FAE04EC0-301F-11D3-BF4B-00C04F79EFBC}") = "Tyuiu.MuliavinIM.Sprint3.Task0.V26.Lib", "Tyuiu.MuliavinIM.Sprint3.Task0.V26.Lib\Tyuiu.MuliavinIM.Sprint3.Task0.V26.Lib.csproj", "{A17C46EE-6D84-49CA-886F-30E6EEA95DB1}"
EndProject
Project("{FAE04EC0-301F-11D3-BF4B-00C04F79EFBC}") = "Tyuiu.MuliavinIM.Sprint3.Task0.V26.Test", "Tyuiu.MuliavinIM.Sprint3.Task0.V26.Test\Tyuiu.MuliavinIM.Sprint3.Task0.V26.Test.csproj", "{9BC0680D-3BAD-4A7A-A954-94B83F136714}"
EndProject
Project("{FAE04EC0-301F-11D3-BF4B-00C04F79EFBC}") = "Tyuiu.MuliavinIM.Sprint3.Task1.V11", "Tyuiu.MuliavinIM.Sprint3.Task1.V11\Tyuiu.MuliavinIM.Sprint3.Task1.V11.csproj", "{9A84DF83-F811-4AE6-8806-31DAF0DC2A67}"
EndProject
Project("{FAE04EC0-301F-11D3-BF4B-00C04F79EFBC}") = "Tyuiu.MuliavinIM.Sprint3.Task1.V11.Test", "Tyuiu.MuliavinIM.Sprint3.Task1.V11.Test\Tyuiu.MuliavinIM.Sprint3.Task1.V11.Test.csproj", "{CD0776D1-70D1-4429-920C-98BD5A0A187A}"
EndProject
Project("{FAE04EC0-301F-11D3-BF4B-00C04F79EFBC}") = "Tyuiu.MuliavinIM.Sprint3.Task1.V11.Lib", "Tyuiu.MuliavinIM.Sprint3.Task1.V11.Lib\Tyuiu.MuliavinIM.Sprint3.Task1.V11.Lib.csproj", "{F6DD816F-8454-4F53-B079-7184FAB0BCD9}"
EndProject
Project("{FAE04EC0-301F-11D3-BF4B-00C04F79EFBC}") = "Tyuiu.MuliavinIM.Sprint3.Task2.V10", "Tyuiu.MuliavinIM.Sprint3.Task2.V10\Tyuiu.MuliavinIM.Sprint3.Task2.V10.csproj", "{9DB47624-C07E-48A5-A064-09D309A284FD}"
EndProject
Project("{FAE04EC0-301F-11D3-BF4B-00C04F79EFBC}") = "Tyuiu.MuliavinIM.Sprint3.Task2.V10.Lib", "Tyuiu.MuliavinIM.Sprint3.Task2.V10.Lib\Tyuiu.MuliavinIM.Sprint3.Task2.V10.Lib.csproj", "{40996F09-D6CF-47BD-AF2E-B1FC4B64F9EF}"
EndProject
Project("{FAE04EC0-301F-11D3-BF4B-00C04F79EFBC}") = "Tyuiu.MuliavinIM.Sprint3.Task2.V10.Test", "Tyuiu.MuliavinIM.Sprint3.Task2.V10.Test\Tyuiu.MuliavinIM.Sprint3.Task2.V10.Test.csproj", "{89E0C0A5-BF7B-4E36-83E5-AE093E6904E8}"
EndProject
Project("{FAE04EC0-301F-11D3-BF4B-00C04F79EFBC}") = "Tyuiu.MuliavinIM.Sprint3.Task3.V28", "Tyuiu.MuliavinIM.Sprint3.Task3.V28\Tyuiu.MuliavinIM.Sprint3.Task3.V28.csproj", "{7EFA2D44-F83A-4371-9E09-982FC52213D4}"
EndProject
Project("{FAE04EC0-301F-11D3-BF4B-00C04F79EFBC}") = "Tyuiu.MuliavinIM.Sprint3.Task3.V28.Lib", "Tyuiu.MuliavinIM.Sprint3.Task3.V28.Lib\Tyuiu.MuliavinIM.Sprint3.Task3.V28.Lib.csproj", "{3FFDFF0C-B973-4E73-9DE8-599F55B454FB}"
EndProject
Project("{FAE04EC0-301F-11D3-BF4B-00C04F79EFBC}") = "Tyuiu.MuliavinIM.Sprint3.Task3.V28.Test", "Tyuiu.MuliavinIM.Sprint3.Task3.V28.Test\Tyuiu.MuliavinIM.Sprint3.Task3.V28.Test.csproj", "{132EF97A-7E44-4A37-9AF5-57005120B334}"
EndProject
Global
	GlobalSection(SolutionConfigurationPlatforms) = preSolution
		Debug|Any CPU = Debug|Any CPU
		Release|Any CPU = Release|Any CPU
	EndGlobalSection
	GlobalSection(ProjectConfigurationPlatforms) = postSolution
		{517D55D0-8665-4899-9138-738502E0C39F}.Debug|Any CPU.ActiveCfg = Debug|Any CPU
		{517D55D0-8665-4899-9138-738502E0C39F}.Debug|Any CPU.Build.0 = Debug|Any CPU
		{517D55D0-8665-4899-9138-738502E0C39F}.Release|Any CPU.ActiveCfg = Release|Any CPU
		{517D55D0-8665-4899-9138-738502E0C39F}.Release|Any CPU.Build.0 = Release|Any CPU
		{A17C46EE-6D84-49CA-886F-30E6EEA95DB1}.Debug|Any CPU.ActiveCfg = Debug|Any CPU
		{A17C46EE-6D84-49CA-886F-30E6EEA95DB1}.Debug|Any CPU.Build.0 = Debug|Any CPU
		{A17C46EE-6D84-49CA-886F-30E6EEA95DB1}.Release|Any CPU.ActiveCfg = Release|Any CPU
		{A17C46EE-6D84-49CA-886F-30E6EEA95DB1}.Release|Any CPU.Build.0 = Release|Any CPU
		{9BC0680D-3BAD-4A7A-A954-94B83F136714}.Debug|Any CPU.ActiveCfg = Debug|Any CPU
		{9BC0680D-3BAD-4A7A-A954-94B83F136714}.Debug|Any CPU.Build.0 = Debug|Any CPU
		{9BC0680D-3BAD-4A7A-A954-94B83F136714}.Release|Any CPU.ActiveCfg = Release|Any CPU
		{9BC0680D-3BAD-4A7A-A954-94B83F136714}.Release|Any CPU.Build.0 = Release|Any CPU
		{9A84DF83-F811-4AE6-8806-31DAF0DC2A67}.Debug|Any CPU.ActiveCfg = Debug|Any CPU
		{9A84DF83-F811-4AE6-8806-31DAF0DC2A67}.Debug|Any CPU.Build.0 = Debug|Any CPU
		{9A84DF83-F811-4AE6-8806-31DAF0DC2A67}.Release|Any CPU.ActiveCfg = Release|Any CPU
		{9A84DF83-F811-4AE6-8806-31DAF0DC2A67}.Release|Any CPU.Build.0 = Release|Any CPU
		{CD0776D1-70D1-4429-920C-98BD5A0A187A}.Debug|Any CPU.ActiveCfg = Debug|Any CPU
		{CD0776D1-70D1-4429-920C-98BD5A0A187A}.Debug|Any CPU.Build.0 = Debug|Any CPU
		{CD0776D1-70D1-4429-920C-98BD5A0A187A}.Release|Any CPU.ActiveCfg = Release|Any CPU
		{CD0776D1-70D1-4429-920C-98BD5A0A187A}.Release|Any CPU.Build.0 = Release|Any CPU
		{F6DD816F-8454-4F53-B079-7184FAB0BCD9}.Debug|Any CPU.ActiveCfg = Debug|Any CPU
		{F6DD816F-8454-4F53-B079-7184FAB0BCD9}.Debug|Any CPU.Build.0 = Debug|Any CPU
		{F6DD816F-8454-4F53-B079-7184FAB0BCD9}.Release|Any CPU.ActiveCfg = Release|Any CPU
		{F6DD816F-8454-4F53-B079-7184FAB0BCD9}.Release|Any CPU.Build.0 = Release|Any CPU
		{9DB47624-C07E-48A5-A064-09D309A284FD}.Debug|Any CPU.ActiveCfg = Debug|Any CPU
		{9DB47624-C07E-48A5-A064-09D309A284FD}.Debug|Any CPU.Build.0 = Debug|Any CPU
		{9DB47624-C07E-48A5-A064-09D309A284FD}.Release|Any CPU.ActiveCfg = Release|Any CPU
		{9DB47624-C07E-48A5-A064-09D309A284FD}.Release|Any CPU.Build.0 = Release|Any CPU
		{40996F09-D6CF-47BD-AF2E-B1FC4B64F9EF}.Debug|Any CPU.ActiveCfg = Debug|Any CPU
		{40996F09-D6CF-47BD-AF2E-B1FC4B64F9EF}.Debug|Any CPU.Build.0 = Debug|Any CPU
		{40996F09-D6CF-47BD-AF2E-B1FC4B64F9EF}.Release|Any CPU.ActiveCfg = Release|Any CPU
		{40996F09-D6CF-47BD-AF2E-B1FC4B64F9EF}.Release|Any CPU.Build.0 = Release|Any CPU
		{89E0C0A5-BF7B-4E36-83E5-AE093E6904E8}.Debug|Any CPU.ActiveCfg = Debug|Any CPU
		{89E0C0A5-BF7B-4E36-83E5-AE093E6904E8}.Debug|Any CPU.Build.0 = Debug|Any CPU
		{89E0C0A5-BF7B-4E36-83E5-AE093E6904E8}.Release|Any CPU.ActiveCfg = Release|Any CPU
		{89E0C0A5-BF7B-4E36-83E5-AE093E6904E8}.Release|Any CPU.Build.0 = Release|Any CPU
		{7EFA2D44-F83A-4371-9E09-982FC52213D4}.Debug|Any CPU.ActiveCfg = Debug|Any CPU
		{7EFA2D44-F83A-4371-9E09-982FC52213D4}.Debug|Any CPU.Build.0 = Debug|Any CPU
		{7EFA2D44-F83A-4371-9E09-982FC52213D4}.Release|Any CPU.ActiveCfg = Release|Any CPU
		{7EFA2D44-F83A-4371-9E09-982FC52213D4}.Release|Any CPU.Build.0 = Release|Any CPU
		{3FFDFF0C-B973-4E73-9DE8-599F55B454FB}.Debug|Any CPU.ActiveCfg = Debug|Any CPU
		{3FFDFF0C-B973-4E73-9DE8-599F55B454FB}.Debug|Any CPU.Build.0 = Debug|Any CPU
		{3FFDFF0C-B973-4E73-9DE8-599F55B454FB}.Release|Any CPU.ActiveCfg = Release|Any CPU
		{3FFDFF0C-B973-4E73-9DE8-599F55B454FB}.Release|Any CPU.Build.0 = Release|Any CPU
		{132EF97A-7E44-4A37-9AF5-57005120B334}.Debug|Any CPU.ActiveCfg = Debug|Any CPU
		{132EF97A-7E44-4A37-9AF5-57005120B334}.Debug|Any CPU.Build.0 = Debug|Any CPU
		{132EF97A-7E44-4A37-9AF5-57005120B334}.Release|Any CPU.ActiveCfg = Release|Any CPU
		{132EF97A-7E44-4A37-9AF5-57005120B334}.Release|Any CPU.Build.0 = Release|Any CPU
	EndGlobalSection
	GlobalSection(SolutionProperties) = preSolution
		HideSolutionNode = FALSE
	EndGlobalSection
	GlobalSection(NestedProjects) = preSolution
		{517D55D0-8665-4899-9138-738502E0C39F} = {02EA681E-C7D8-13C7-8484-4AC65E1B71E8}
		{A17C46EE-6D84-49CA-886F-30E6EEA95DB1} = {02EA681E-C7D8-13C7-8484-4AC65E1B71E8}
		{9BC0680D-3BAD-4A7A-A954-94B83F136714} = {02EA681E-C7D8-13C7-8484-4AC65E1B71E8}
		{9A84DF83-F811-4AE6-8806-31DAF0DC2A67} = {66F4A4AE-CAFA-4A3C-93A0-ACAFAFA93132}
		{CD0776D1-70D1-4429-920C-98BD5A0A187A} = {66F4A4AE-CAFA-4A3C-93A0-ACAFAFA93132}
		{F6DD816F-8454-4F53-B079-7184FAB0BCD9} = {66F4A4AE-CAFA-4A3C-93A0-ACAFAFA93132}
		{9DB47624-C07E-48A5-A064-09D309A284FD} = {89AE166B-CA93-4DD0-8656-81329021DE1D}
		{40996F09-D6CF-47BD-AF2E-B1FC4B64F9EF} = {89AE166B-CA93-4DD0-8656-81329021DE1D}
		{89E0C0A5-BF7B-4E36-83E5-AE093E6904E8} = {89AE166B-CA93-4DD0-8656-81329021DE1D}
		{7EFA2D44-F83A-4371-9E09-982FC52213D4} = {2FC027B7-564B-4FD2-A0AA-C643C21C2AD3}
		{3FFDFF0C-B973-4E73-9DE8-599F55B454FB} = {2FC027B7-564B-4FD2-A0AA-C643C21C2AD3}
		{132EF97A-7E44-4A37-9AF5-57005120B334} = {2FC027B7-564B-4FD2-A0AA-C643C21C2AD3}
	EndGlobalSection
	GlobalSection(ExtensibilityGlobals) = postSolution
		SolutionGuid = {95EAF37C-1299-4CA9-A5DB-AD571F967BD0}
	EndGlobalSection
EndGlobal
